// !$*UTF8*$!
{
	archiveVersion = 1;
	classes = {
	};
	objectVersion = 46;
	objects = {

/* Begin PBXBuildFile section */
		062564AA193C4BCA00572D45 /* libclang.dylib in Frameworks */ = {isa = PBXBuildFile; fileRef = 062564A9193C4BCA00572D45 /* libclang.dylib */; };
		067EFA431920D73200C1B75C /* IDEKit.framework in Frameworks */ = {isa = PBXBuildFile; fileRef = 067EFA421920D73200C1B75C /* IDEKit.framework */; };
		067EFA451920D73500C1B75C /* IDEFoundation.framework in Frameworks */ = {isa = PBXBuildFile; fileRef = 067EFA441920D73500C1B75C /* IDEFoundation.framework */; };
		067EFA471920D73B00C1B75C /* DVTKit.framework in Frameworks */ = {isa = PBXBuildFile; fileRef = 067EFA461920D73B00C1B75C /* DVTKit.framework */; };
		067EFA491920D73D00C1B75C /* DVTFoundation.framework in Frameworks */ = {isa = PBXBuildFile; fileRef = 067EFA481920D73D00C1B75C /* DVTFoundation.framework */; };
		067EFA5F1920EE0B00C1B75C /* XLCProxy.m in Sources */ = {isa = PBXBuildFile; fileRef = 067EFA5D1920EE0B00C1B75C /* XLCProxy.m */; };
		06B1140519C9583300EC72E0 /* DVTSourceModelItem+XLCAddition.m in Sources */ = {isa = PBXBuildFile; fileRef = 06B1140419C9583300EC72E0 /* DVTSourceModelItem+XLCAddition.m */; };
		06B1140819C95F3700EC72E0 /* ClangHelpers.mm in Sources */ = {isa = PBXBuildFile; fileRef = 06B1140719C95F3700EC72E0 /* ClangHelpers.mm */; };
		06B28DD519DEA7F300B99102 /* SuggestMissingMethods.mm in Sources */ = {isa = PBXBuildFile; fileRef = 06B28DD419DEA7F300B99102 /* SuggestMissingMethods.mm */; };
		06FCB3391920B7A80057845B /* QuickLook.framework in Frameworks */ = {isa = PBXBuildFile; fileRef = 06FCB3381920B7A80057845B /* QuickLook.framework */; };
		06FCB33B1920B7A80057845B /* ApplicationServices.framework in Frameworks */ = {isa = PBXBuildFile; fileRef = 06FCB33A1920B7A80057845B /* ApplicationServices.framework */; };
		06FCB33D1920B7A80057845B /* CoreServices.framework in Frameworks */ = {isa = PBXBuildFile; fileRef = 06FCB33C1920B7A80057845B /* CoreServices.framework */; };
		06FCB33F1920B7A80057845B /* CoreFoundation.framework in Frameworks */ = {isa = PBXBuildFile; fileRef = 06FCB33E1920B7A80057845B /* CoreFoundation.framework */; };
		06FCB3551920B7CC0057845B /* XLCXcodeAssist.mm in Sources */ = {isa = PBXBuildFile; fileRef = 06FCB3531920B7CC0057845B /* XLCXcodeAssist.mm */; };
/* End PBXBuildFile section */

/* Begin PBXFileReference section */
		062564A9193C4BCA00572D45 /* libclang.dylib */ = {isa = PBXFileReference; lastKnownFileType = "compiled.mach-o.dylib"; name = libclang.dylib; path = Toolchains/XcodeDefault.xctoolchain/usr/lib/libclang.dylib; sourceTree = DEVELOPER_DIR; };
		06256668193C559A00572D45 /* CXCompilationDatabase.h */ = {isa = PBXFileReference; fileEncoding = 4; lastKnownFileType = sourcecode.c.h; path = CXCompilationDatabase.h; sourceTree = "<group>"; };
		06256669193C559A00572D45 /* CXString.h */ = {isa = PBXFileReference; fileEncoding = 4; lastKnownFileType = sourcecode.c.h; path = CXString.h; sourceTree = "<group>"; };
		0625666A193C559A00572D45 /* Index.h */ = {isa = PBXFileReference; fileEncoding = 4; lastKnownFileType = sourcecode.c.h; path = Index.h; sourceTree = "<group>"; };
		0625666B193C559A00572D45 /* Platform.h */ = {isa = PBXFileReference; fileEncoding = 4; lastKnownFileType = sourcecode.c.h; path = Platform.h; sourceTree = "<group>"; };
		067EFA421920D73200C1B75C /* IDEKit.framework */ = {isa = PBXFileReference; lastKnownFileType = wrapper.framework; name = IDEKit.framework; path = ../../../../../Applications/Xcode.app/Contents/Frameworks/IDEKit.framework; sourceTree = "<group>"; };
		067EFA441920D73500C1B75C /* IDEFoundation.framework */ = {isa = PBXFileReference; lastKnownFileType = wrapper.framework; name = IDEFoundation.framework; path = ../../../../../Applications/Xcode.app/Contents/Frameworks/IDEFoundation.framework; sourceTree = "<group>"; };
		067EFA461920D73B00C1B75C /* DVTKit.framework */ = {isa = PBXFileReference; lastKnownFileType = wrapper.framework; name = DVTKit.framework; path = ../../../../../Applications/Xcode.app/Contents/SharedFrameworks/DVTKit.framework; sourceTree = "<group>"; };
		067EFA481920D73D00C1B75C /* DVTFoundation.framework */ = {isa = PBXFileReference; lastKnownFileType = wrapper.framework; name = DVTFoundation.framework; path = ../../../../../Applications/Xcode.app/Contents/SharedFrameworks/DVTFoundation.framework; sourceTree = "<group>"; };
		067EFA5A1920DFAC00C1B75C /* IDESourceEditor.ideplugin */ = {isa = PBXFileReference; lastKnownFileType = wrapper; name = IDESourceEditor.ideplugin; path = ../../../../../Applications/Xcode.app/Contents/PlugIns/IDESourceEditor.ideplugin; sourceTree = "<group>"; };
		067EFA5D1920EE0B00C1B75C /* XLCProxy.m */ = {isa = PBXFileReference; fileEncoding = 4; lastKnownFileType = sourcecode.c.objc; path = XLCProxy.m; sourceTree = "<group>"; };
		069FFD2F19273B12002821F7 /* XcodeHeaders.h */ = {isa = PBXFileReference; lastKnownFileType = sourcecode.c.h; path = XcodeHeaders.h; sourceTree = "<group>"; };
		06B1140319C9583300EC72E0 /* DVTSourceModelItem+XLCAddition.h */ = {isa = PBXFileReference; fileEncoding = 4; lastKnownFileType = sourcecode.c.h; path = "DVTSourceModelItem+XLCAddition.h"; sourceTree = "<group>"; };
		06B1140419C9583300EC72E0 /* DVTSourceModelItem+XLCAddition.m */ = {isa = PBXFileReference; fileEncoding = 4; lastKnownFileType = sourcecode.c.objc; path = "DVTSourceModelItem+XLCAddition.m"; sourceTree = "<group>"; };
		06B1140619C95F3700EC72E0 /* ClangHelpers.hh */ = {isa = PBXFileReference; fileEncoding = 4; lastKnownFileType = sourcecode.cpp.h; path = ClangHelpers.hh; sourceTree = "<group>"; };
		06B1140719C95F3700EC72E0 /* ClangHelpers.mm */ = {isa = PBXFileReference; fileEncoding = 4; lastKnownFileType = sourcecode.cpp.objcpp; path = ClangHelpers.mm; sourceTree = "<group>"; };
		06B28DD319DEA7F300B99102 /* SuggestMissingMethods.hh */ = {isa = PBXFileReference; fileEncoding = 4; lastKnownFileType = sourcecode.cpp.h; path = SuggestMissingMethods.hh; sourceTree = "<group>"; };
		06B28DD419DEA7F300B99102 /* SuggestMissingMethods.mm */ = {isa = PBXFileReference; fileEncoding = 4; lastKnownFileType = sourcecode.cpp.objcpp; path = SuggestMissingMethods.mm; sourceTree = "<group>"; };
		06FCB3351920B7A80057845B /* XLCXcodeAssist.xcplugin */ = {isa = PBXFileReference; explicitFileType = wrapper.cfbundle; includeInIndex = 0; path = XLCXcodeAssist.xcplugin; sourceTree = BUILT_PRODUCTS_DIR; };
		06FCB3381920B7A80057845B /* QuickLook.framework */ = {isa = PBXFileReference; lastKnownFileType = wrapper.framework; name = QuickLook.framework; path = System/Library/Frameworks/QuickLook.framework; sourceTree = SDKROOT; };
		06FCB33A1920B7A80057845B /* ApplicationServices.framework */ = {isa = PBXFileReference; lastKnownFileType = wrapper.framework; name = ApplicationServices.framework; path = System/Library/Frameworks/ApplicationServices.framework; sourceTree = SDKROOT; };
		06FCB33C1920B7A80057845B /* CoreServices.framework */ = {isa = PBXFileReference; lastKnownFileType = wrapper.framework; name = CoreServices.framework; path = System/Library/Frameworks/CoreServices.framework; sourceTree = SDKROOT; };
		06FCB33E1920B7A80057845B /* CoreFoundation.framework */ = {isa = PBXFileReference; lastKnownFileType = wrapper.framework; name = CoreFoundation.framework; path = System/Library/Frameworks/CoreFoundation.framework; sourceTree = SDKROOT; };
		06FCB3421920B7A80057845B /* XLCXcodeAssist-Info.plist */ = {isa = PBXFileReference; lastKnownFileType = text.plist.xml; path = "XLCXcodeAssist-Info.plist"; sourceTree = "<group>"; };
		06FCB3441920B7A80057845B /* en */ = {isa = PBXFileReference; lastKnownFileType = text.plist.strings; name = en; path = en.lproj/InfoPlist.strings; sourceTree = "<group>"; };
		06FCB34C1920B7A80057845B /* XLCXcodeAssist-Prefix.pch */ = {isa = PBXFileReference; lastKnownFileType = sourcecode.c.h; path = "XLCXcodeAssist-Prefix.pch"; sourceTree = "<group>"; };
		06FCB3521920B7CC0057845B /* XLCXcodeAssist.h */ = {isa = PBXFileReference; fileEncoding = 4; lastKnownFileType = sourcecode.c.h; path = XLCXcodeAssist.h; sourceTree = "<group>"; };
		06FCB3531920B7CC0057845B /* XLCXcodeAssist.mm */ = {isa = PBXFileReference; fileEncoding = 4; lastKnownFileType = sourcecode.cpp.objcpp; path = XLCXcodeAssist.mm; sourceTree = "<group>"; };
/* End PBXFileReference section */

/* Begin PBXFrameworksBuildPhase section */
		06FCB3301920B7A80057845B /* Frameworks */ = {
			isa = PBXFrameworksBuildPhase;
			buildActionMask = 2147483647;
			files = (
				067EFA451920D73500C1B75C /* IDEFoundation.framework in Frameworks */,
				067EFA471920D73B00C1B75C /* DVTKit.framework in Frameworks */,
				067EFA491920D73D00C1B75C /* DVTFoundation.framework in Frameworks */,
				06FCB33F1920B7A80057845B /* CoreFoundation.framework in Frameworks */,
				067EFA431920D73200C1B75C /* IDEKit.framework in Frameworks */,
				06FCB3391920B7A80057845B /* QuickLook.framework in Frameworks */,
				06FCB33D1920B7A80057845B /* CoreServices.framework in Frameworks */,
				06FCB33B1920B7A80057845B /* ApplicationServices.framework in Frameworks */,
				062564AA193C4BCA00572D45 /* libclang.dylib in Frameworks */,
			);
			runOnlyForDeploymentPostprocessing = 0;
		};
/* End PBXFrameworksBuildPhase section */

/* Begin PBXGroup section */
		062564B0193C558700572D45 /* clang */ = {
			isa = PBXGroup;
			children = (
				062564B1193C559900572D45 /* include */,
			);
			name = clang;
			sourceTree = "<group>";
		};
		062564B1193C559900572D45 /* include */ = {
			isa = PBXGroup;
			children = (
				06256667193C559A00572D45 /* clang-c */,
			);
			path = include;
			sourceTree = "<group>";
		};
		06256667193C559A00572D45 /* clang-c */ = {
			isa = PBXGroup;
			children = (
				06256668193C559A00572D45 /* CXCompilationDatabase.h */,
				06256669193C559A00572D45 /* CXString.h */,
				0625666A193C559A00572D45 /* Index.h */,
				0625666B193C559A00572D45 /* Platform.h */,
			);
			path = "clang-c";
			sourceTree = "<group>";
		};
		06FCB32A1920B7A80057845B = {
			isa = PBXGroup;
			children = (
				06FCB3401920B7A80057845B /* XLCXcodeAssist */,
				06FCB3371920B7A80057845B /* Frameworks */,
				06FCB3361920B7A80057845B /* Products */,
			);
			sourceTree = "<group>";
		};
		06FCB3361920B7A80057845B /* Products */ = {
			isa = PBXGroup;
			children = (
				06FCB3351920B7A80057845B /* XLCXcodeAssist.xcplugin */,
			);
			name = Products;
			sourceTree = "<group>";
		};
		06FCB3371920B7A80057845B /* Frameworks */ = {
			isa = PBXGroup;
			children = (
				062564A9193C4BCA00572D45 /* libclang.dylib */,
				067EFA5A1920DFAC00C1B75C /* IDESourceEditor.ideplugin */,
				067EFA481920D73D00C1B75C /* DVTFoundation.framework */,
				067EFA461920D73B00C1B75C /* DVTKit.framework */,
				067EFA441920D73500C1B75C /* IDEFoundation.framework */,
				067EFA421920D73200C1B75C /* IDEKit.framework */,
				06FCB3381920B7A80057845B /* QuickLook.framework */,
				06FCB33A1920B7A80057845B /* ApplicationServices.framework */,
				06FCB33C1920B7A80057845B /* CoreServices.framework */,
				06FCB33E1920B7A80057845B /* CoreFoundation.framework */,
			);
			name = Frameworks;
			sourceTree = "<group>";
		};
		06FCB3401920B7A80057845B /* XLCXcodeAssist */ = {
			isa = PBXGroup;
			children = (
				062564B0193C558700572D45 /* clang */,
				06FCB3521920B7CC0057845B /* XLCXcodeAssist.h */,
				06FCB3531920B7CC0057845B /* XLCXcodeAssist.mm */,
				067EFA5D1920EE0B00C1B75C /* XLCProxy.m */,
				069FFD2F19273B12002821F7 /* XcodeHeaders.h */,
				06B1140619C95F3700EC72E0 /* ClangHelpers.hh */,
				06B1140719C95F3700EC72E0 /* ClangHelpers.mm */,
				06B1140319C9583300EC72E0 /* DVTSourceModelItem+XLCAddition.h */,
				06B1140419C9583300EC72E0 /* DVTSourceModelItem+XLCAddition.m */,
				06B28DD319DEA7F300B99102 /* SuggestMissingMethods.hh */,
				06B28DD419DEA7F300B99102 /* SuggestMissingMethods.mm */,
				06FCB3411920B7A80057845B /* Supporting Files */,
			);
			path = XLCXcodeAssist;
			sourceTree = "<group>";
		};
		06FCB3411920B7A80057845B /* Supporting Files */ = {
			isa = PBXGroup;
			children = (
				06FCB3421920B7A80057845B /* XLCXcodeAssist-Info.plist */,
				06FCB3431920B7A80057845B /* InfoPlist.strings */,
				06FCB34C1920B7A80057845B /* XLCXcodeAssist-Prefix.pch */,
			);
			name = "Supporting Files";
			sourceTree = "<group>";
		};
/* End PBXGroup section */

/* Begin PBXNativeTarget section */
		06FCB3341920B7A80057845B /* XLCXcodeAssist */ = {
			isa = PBXNativeTarget;
			buildConfigurationList = 06FCB34F1920B7A80057845B /* Build configuration list for PBXNativeTarget "XLCXcodeAssist" */;
			buildPhases = (
				06FCB32F1920B7A80057845B /* Sources */,
				06FCB3301920B7A80057845B /* Frameworks */,
				06FCB3331920B7A80057845B /* Rez */,
			);
			buildRules = (
			);
			dependencies = (
			);
			name = XLCXcodeAssist;
			productName = XLCXcodeAssist;
			productReference = 06FCB3351920B7A80057845B /* XLCXcodeAssist.xcplugin */;
			productType = "com.apple.product-type.bundle";
		};
/* End PBXNativeTarget section */

/* Begin PBXProject section */
		06FCB32B1920B7A80057845B /* Project object */ = {
			isa = PBXProject;
			attributes = {
				LastUpgradeCheck = 0720;
				ORGANIZATIONNAME = "Xiliang Chen";
			};
			buildConfigurationList = 06FCB32E1920B7A80057845B /* Build configuration list for PBXProject "XLCXcodeAssist" */;
			compatibilityVersion = "Xcode 3.2";
			developmentRegion = English;
			hasScannedForEncodings = 0;
			knownRegions = (
				en,
			);
			mainGroup = 06FCB32A1920B7A80057845B;
			productRefGroup = 06FCB3361920B7A80057845B /* Products */;
			projectDirPath = "";
			projectRoot = "";
			targets = (
				06FCB3341920B7A80057845B /* XLCXcodeAssist */,
			);
		};
/* End PBXProject section */

/* Begin PBXRezBuildPhase section */
		06FCB3331920B7A80057845B /* Rez */ = {
			isa = PBXRezBuildPhase;
			buildActionMask = 2147483647;
			files = (
			);
			runOnlyForDeploymentPostprocessing = 0;
		};
/* End PBXRezBuildPhase section */

/* Begin PBXSourcesBuildPhase section */
		06FCB32F1920B7A80057845B /* Sources */ = {
			isa = PBXSourcesBuildPhase;
			buildActionMask = 2147483647;
			files = (
				067EFA5F1920EE0B00C1B75C /* XLCProxy.m in Sources */,
				06B1140819C95F3700EC72E0 /* ClangHelpers.mm in Sources */,
				06B28DD519DEA7F300B99102 /* SuggestMissingMethods.mm in Sources */,
				06FCB3551920B7CC0057845B /* XLCXcodeAssist.mm in Sources */,
				06B1140519C9583300EC72E0 /* DVTSourceModelItem+XLCAddition.m in Sources */,
			);
			runOnlyForDeploymentPostprocessing = 0;
		};
/* End PBXSourcesBuildPhase section */

/* Begin PBXVariantGroup section */
		06FCB3431920B7A80057845B /* InfoPlist.strings */ = {
			isa = PBXVariantGroup;
			children = (
				06FCB3441920B7A80057845B /* en */,
			);
			name = InfoPlist.strings;
			sourceTree = "<group>";
		};
/* End PBXVariantGroup section */

/* Begin XCBuildConfiguration section */
		06FCB34D1920B7A80057845B /* Debug */ = {
			isa = XCBuildConfiguration;
			buildSettings = {
				ALWAYS_SEARCH_USER_PATHS = NO;
				CLANG_CXX_LANGUAGE_STANDARD = "gnu++0x";
				CLANG_CXX_LIBRARY = "libc++";
				CLANG_ENABLE_MODULES = YES;
				CLANG_ENABLE_OBJC_ARC = YES;
				CLANG_WARN_BOOL_CONVERSION = YES;
				CLANG_WARN_CONSTANT_CONVERSION = YES;
				CLANG_WARN_DIRECT_OBJC_ISA_USAGE = YES_ERROR;
				CLANG_WARN_EMPTY_BODY = YES;
				CLANG_WARN_ENUM_CONVERSION = YES;
				CLANG_WARN_INT_CONVERSION = YES;
				CLANG_WARN_OBJC_ROOT_CLASS = YES_ERROR;
				CLANG_WARN__DUPLICATE_METHOD_MATCH = YES;
				COPY_PHASE_STRIP = NO;
				ENABLE_TESTABILITY = YES;
				GCC_C_LANGUAGE_STANDARD = gnu99;
				GCC_DYNAMIC_NO_PIC = NO;
				GCC_ENABLE_OBJC_EXCEPTIONS = YES;
				GCC_OPTIMIZATION_LEVEL = 0;
				GCC_PREPROCESSOR_DEFINITIONS = (
					"DEBUG=1",
					"$(inherited)",
				);
				GCC_SYMBOLS_PRIVATE_EXTERN = NO;
				GCC_WARN_64_TO_32_BIT_CONVERSION = YES;
				GCC_WARN_ABOUT_RETURN_TYPE = YES_ERROR;
				GCC_WARN_UNDECLARED_SELECTOR = YES;
				GCC_WARN_UNINITIALIZED_AUTOS = YES_AGGRESSIVE;
				GCC_WARN_UNUSED_FUNCTION = YES;
				GCC_WARN_UNUSED_VARIABLE = YES;
				MACOSX_DEPLOYMENT_TARGET = 10.9;
				ONLY_ACTIVE_ARCH = YES;
				SDKROOT = macosx;
			};
			name = Debug;
		};
		06FCB34E1920B7A80057845B /* Release */ = {
			isa = XCBuildConfiguration;
			buildSettings = {
				ALWAYS_SEARCH_USER_PATHS = NO;
				CLANG_CXX_LANGUAGE_STANDARD = "gnu++0x";
				CLANG_CXX_LIBRARY = "libc++";
				CLANG_ENABLE_MODULES = YES;
				CLANG_ENABLE_OBJC_ARC = YES;
				CLANG_WARN_BOOL_CONVERSION = YES;
				CLANG_WARN_CONSTANT_CONVERSION = YES;
				CLANG_WARN_DIRECT_OBJC_ISA_USAGE = YES_ERROR;
				CLANG_WARN_EMPTY_BODY = YES;
				CLANG_WARN_ENUM_CONVERSION = YES;
				CLANG_WARN_INT_CONVERSION = YES;
				CLANG_WARN_OBJC_ROOT_CLASS = YES_ERROR;
				CLANG_WARN__DUPLICATE_METHOD_MATCH = YES;
				COPY_PHASE_STRIP = YES;
				DEBUG_INFORMATION_FORMAT = "dwarf-with-dsym";
				ENABLE_NS_ASSERTIONS = NO;
				GCC_C_LANGUAGE_STANDARD = gnu99;
				GCC_ENABLE_OBJC_EXCEPTIONS = YES;
				GCC_WARN_64_TO_32_BIT_CONVERSION = YES;
				GCC_WARN_ABOUT_RETURN_TYPE = YES_ERROR;
				GCC_WARN_UNDECLARED_SELECTOR = YES;
				GCC_WARN_UNINITIALIZED_AUTOS = YES_AGGRESSIVE;
				GCC_WARN_UNUSED_FUNCTION = YES;
				GCC_WARN_UNUSED_VARIABLE = YES;
				MACOSX_DEPLOYMENT_TARGET = 10.9;
				SDKROOT = macosx;
			};
			name = Release;
		};
		06FCB3501920B7A80057845B /* Debug */ = {
			isa = XCBuildConfiguration;
			buildSettings = {
				COMBINE_HIDPI_IMAGES = YES;
				DEPLOYMENT_LOCATION = YES;
				DSTROOT = "$(HOME)";
				FRAMEWORK_SEARCH_PATHS = (
					"$(inherited)",
					"$(SYSTEM_APPS_DIR)/Xcode.app/Contents/Frameworks",
					"$(SYSTEM_APPS_DIR)/Xcode.app/Contents/SharedFrameworks",
				);
				GCC_PRECOMPILE_PREFIX_HEADER = YES;
				GCC_PREFIX_HEADER = "XLCXcodeAssist/XLCXcodeAssist-Prefix.pch";
				INFOPLIST_FILE = "XLCXcodeAssist/XLCXcodeAssist-Info.plist";
				INSTALL_PATH = "$(LOCAL_LIBRARY_DIR)/Application Support/Developer/Shared/Xcode/Plug-ins";
				LIBRARY_SEARCH_PATHS = (
					"$(inherited)",
					"$(DEVELOPER_DIR)/Toolchains/XcodeDefault.xctoolchain/usr/lib",
				);
				PRODUCT_BUNDLE_IDENTIFIER = "com.github.xlc.${PRODUCT_NAME:rfc1034identifier}";
				PRODUCT_NAME = "$(TARGET_NAME)";
				USER_HEADER_SEARCH_PATHS = "\"$(SRCROOT)/XLCXcodeAssist/include\"";
				WRAPPER_EXTENSION = xcplugin;
			};
			name = Debug;
		};
		06FCB3511920B7A80057845B /* Release */ = {
			isa = XCBuildConfiguration;
			buildSettings = {
				COMBINE_HIDPI_IMAGES = YES;
				DEPLOYMENT_LOCATION = YES;
				DSTROOT = "$(HOME)";
				FRAMEWORK_SEARCH_PATHS = (
					"$(inherited)",
					"$(SYSTEM_APPS_DIR)/Xcode.app/Contents/Frameworks",
					"$(SYSTEM_APPS_DIR)/Xcode.app/Contents/SharedFrameworks",
				);
				GCC_PRECOMPILE_PREFIX_HEADER = YES;
				GCC_PREFIX_HEADER = "XLCXcodeAssist/XLCXcodeAssist-Prefix.pch";
				INFOPLIST_FILE = "XLCXcodeAssist/XLCXcodeAssist-Info.plist";
				INSTALL_PATH = "$(LOCAL_LIBRARY_DIR)/Application Support/Developer/Shared/Xcode/Plug-ins";
				LIBRARY_SEARCH_PATHS = (
					"$(inherited)",
					"$(DEVELOPER_DIR)/Toolchains/XcodeDefault.xctoolchain/usr/lib",
				);
				PRODUCT_BUNDLE_IDENTIFIER = "com.github.xlc.${PRODUCT_NAME:rfc1034identifier}";
				PRODUCT_NAME = "$(TARGET_NAME)";
				USER_HEADER_SEARCH_PATHS = "\"$(SRCROOT)/XLCXcodeAssist/include\"";
				WRAPPER_EXTENSION = xcplugin;
			};
			name = Release;
		};
/* End XCBuildConfiguration section */

/* Begin XCConfigurationList section */
		06FCB32E1920B7A80057845B /* Build configuration list for PBXProject "XLCXcodeAssist" */ = {
			isa = XCConfigurationList;
			buildConfigurations = (
				06FCB34D1920B7A80057845B /* Debug */,
				06FCB34E1920B7A80057845B /* Release */,
			);
			defaultConfigurationIsVisible = 0;
			defaultConfigurationName = Release;
		};
		06FCB34F1920B7A80057845B /* Build configuration list for PBXNativeTarget "XLCXcodeAssist" */ = {
			isa = XCConfigurationList;
			buildConfigurations = (
				06FCB3501920B7A80057845B /* Debug */,
				06FCB3511920B7A80057845B /* Release */,
			);
			defaultConfigurationIsVisible = 0;
			defaultConfigurationName = Release;
		};
/* End XCConfigurationList section */
	};
	rootObject = 06FCB32B1920B7A80057845B /* Project object */;
}
